{
  "pins" : [
    {
      "identity" : "mrzparser",
      "kind" : "remoteSourceControl",
      "location" : "https://github.com/Dim434/MRZParser.git",
      "state" : {
        "branch" : "develop",
        "revision" : "2b8af0b31c1765c3415be15fae31bb7aa101988a"
      }
    }
  ],
  "version" : 2
}
